// !$*UTF8*$!
{
	archiveVersion = 1;
	classes = {
	};
	objectVersion = 50;
	objects = {

/* Begin PBXBuildFile section */
		FB90F9C123647FF000BDF960 /* AppDelegate.swift in Sources */ = {isa = PBXBuildFile; fileRef = FB90F9C023647FF000BDF960 /* AppDelegate.swift */; };
		FB90F9D823647FF200BDF960 /* PalettesTests.swift in Sources */ = {isa = PBXBuildFile; fileRef = FB90F9D723647FF200BDF960 /* PalettesTests.swift */; };
		FB90F9E5236480D500BDF960 /* AutoRegistering.swift in Sources */ = {isa = PBXBuildFile; fileRef = FB90F9E3236480D500BDF960 /* AutoRegistering.swift */; };
		FB90F9E6236480D500BDF960 /* StoryboardInstantiable.swift in Sources */ = {isa = PBXBuildFile; fileRef = FB90F9E4236480D500BDF960 /* StoryboardInstantiable.swift */; };
		FB90F9EE236482AC00BDF960 /* ListViewController.swift in Sources */ = {isa = PBXBuildFile; fileRef = FB90F9ED236482AC00BDF960 /* ListViewController.swift */; };
		FB90F9F0236482C000BDF960 /* ListViewController.storyboard in Resources */ = {isa = PBXBuildFile; fileRef = FB90F9EF236482C000BDF960 /* ListViewController.storyboard */; };
		FB90F9F423648A2500BDF960 /* ListCell.xib in Resources */ = {isa = PBXBuildFile; fileRef = FB90F9F223648A2500BDF960 /* ListCell.xib */; };
		FB90F9F723648A9500BDF960 /* ListCell.swift in Sources */ = {isa = PBXBuildFile; fileRef = FB90F9F623648A9500BDF960 /* ListCell.swift */; };
		FB90F9F923648ABA00BDF960 /* Palette.swift in Sources */ = {isa = PBXBuildFile; fileRef = FB90F9F823648ABA00BDF960 /* Palette.swift */; };
		FB90F9FB23648AD900BDF960 /* UIColor+Hex.swift in Sources */ = {isa = PBXBuildFile; fileRef = FB90F9FA23648AD900BDF960 /* UIColor+Hex.swift */; };
		FB90F9FE23648B1F00BDF960 /* BrightnessAnalyzer.swift in Sources */ = {isa = PBXBuildFile; fileRef = FB90F9FD23648B1F00BDF960 /* BrightnessAnalyzer.swift */; };
		FB90FA0123648CC100BDF960 /* PaletteViewController.swift in Sources */ = {isa = PBXBuildFile; fileRef = FB90FA0023648CC100BDF960 /* PaletteViewController.swift */; };
		FB90FA0323648CD300BDF960 /* PaletteViewController.storyboard in Resources */ = {isa = PBXBuildFile; fileRef = FB90FA0223648CD300BDF960 /* PaletteViewController.storyboard */; };
		FB90FA0623648D2A00BDF960 /* CreatePaletteViewController.swift in Sources */ = {isa = PBXBuildFile; fileRef = FB90FA0523648D2A00BDF960 /* CreatePaletteViewController.swift */; };
		FB90FA0823648D3100BDF960 /* CreatePaletteViewController.storyboard in Resources */ = {isa = PBXBuildFile; fileRef = FB90FA0723648D3100BDF960 /* CreatePaletteViewController.storyboard */; };
		FB90FA0A23648E4300BDF960 /* Animator.swift in Sources */ = {isa = PBXBuildFile; fileRef = FB90FA0923648E4300BDF960 /* Animator.swift */; };
		FB90FA192364904500BDF960 /* SimpleDatabase.framework in Frameworks */ = {isa = PBXBuildFile; fileRef = FB90FA102364904500BDF960 /* SimpleDatabase.framework */; };
		FB90FA222364904500BDF960 /* SimpleDatabase.h in Headers */ = {isa = PBXBuildFile; fileRef = FB90FA122364904500BDF960 /* SimpleDatabase.h */; settings = {ATTRIBUTES = (Public, ); }; };
		FB90FA252364904500BDF960 /* SimpleDatabase.framework in Frameworks */ = {isa = PBXBuildFile; fileRef = FB90FA102364904500BDF960 /* SimpleDatabase.framework */; };
		FB90FA262364904500BDF960 /* SimpleDatabase.framework in Embed Frameworks */ = {isa = PBXBuildFile; fileRef = FB90FA102364904500BDF960 /* SimpleDatabase.framework */; settings = {ATTRIBUTES = (CodeSignOnCopy, RemoveHeadersOnCopy, ); }; };
		FB90FA2F2364905100BDF960 /* Database.swift in Sources */ = {isa = PBXBuildFile; fileRef = FB90FA2E2364905100BDF960 /* Database.swift */; };
		FB90FA312364905900BDF960 /* UserDefaultsDatabase.swift in Sources */ = {isa = PBXBuildFile; fileRef = FB90FA302364905900BDF960 /* UserDefaultsDatabase.swift */; };
		FBD5A24B2364D07B005A187E /* DatabaseTestCase.swift in Sources */ = {isa = PBXBuildFile; fileRef = FBD5A24A2364D07B005A187E /* DatabaseTestCase.swift */; };
		FBD5A24D2364D0F0005A187E /* DatabaseReadTests.swift in Sources */ = {isa = PBXBuildFile; fileRef = FBD5A24C2364D0F0005A187E /* DatabaseReadTests.swift */; };
		FBD5A24F2364D0F8005A187E /* DatabaseWriteTests.swift in Sources */ = {isa = PBXBuildFile; fileRef = FBD5A24E2364D0F8005A187E /* DatabaseWriteTests.swift */; };
		FBD5A2512364D101005A187E /* DatabaseObservationTests.swift in Sources */ = {isa = PBXBuildFile; fileRef = FBD5A2502364D101005A187E /* DatabaseObservationTests.swift */; };
/* End PBXBuildFile section */

/* Begin PBXContainerItemProxy section */
		FB90F9D423647FF200BDF960 /* PBXContainerItemProxy */ = {
			isa = PBXContainerItemProxy;
			containerPortal = FB90F9B523647FF000BDF960 /* Project object */;
			proxyType = 1;
			remoteGlobalIDString = FB90F9BC23647FF000BDF960;
			remoteInfo = Palettes;
		};
		FB90FA1A2364904500BDF960 /* PBXContainerItemProxy */ = {
			isa = PBXContainerItemProxy;
			containerPortal = FB90F9B523647FF000BDF960 /* Project object */;
			proxyType = 1;
			remoteGlobalIDString = FB90FA0F2364904500BDF960;
			remoteInfo = SimpleDatabase;
		};
		FB90FA1C2364904500BDF960 /* PBXContainerItemProxy */ = {
			isa = PBXContainerItemProxy;
			containerPortal = FB90F9B523647FF000BDF960 /* Project object */;
			proxyType = 1;
			remoteGlobalIDString = FB90F9BC23647FF000BDF960;
			remoteInfo = Palettes;
		};
		FB90FA232364904500BDF960 /* PBXContainerItemProxy */ = {
			isa = PBXContainerItemProxy;
			containerPortal = FB90F9B523647FF000BDF960 /* Project object */;
			proxyType = 1;
			remoteGlobalIDString = FB90FA0F2364904500BDF960;
			remoteInfo = SimpleDatabase;
		};
/* End PBXContainerItemProxy section */

/* Begin PBXCopyFilesBuildPhase section */
		FB90FA2A2364904500BDF960 /* Embed Frameworks */ = {
			isa = PBXCopyFilesBuildPhase;
			buildActionMask = 2147483647;
			dstPath = "";
			dstSubfolderSpec = 10;
			files = (
				FB90FA262364904500BDF960 /* SimpleDatabase.framework in Embed Frameworks */,
			);
			name = "Embed Frameworks";
			runOnlyForDeploymentPostprocessing = 0;
		};
/* End PBXCopyFilesBuildPhase section */

/* Begin PBXFileReference section */
		FB90F9BD23647FF000BDF960 /* Palettes.app */ = {isa = PBXFileReference; explicitFileType = wrapper.application; includeInIndex = 0; path = Palettes.app; sourceTree = BUILT_PRODUCTS_DIR; };
		FB90F9C023647FF000BDF960 /* AppDelegate.swift */ = {isa = PBXFileReference; lastKnownFileType = sourcecode.swift; path = AppDelegate.swift; sourceTree = "<group>"; };
		FB90F9CE23647FF200BDF960 /* Info.plist */ = {isa = PBXFileReference; lastKnownFileType = text.plist.xml; path = Info.plist; sourceTree = "<group>"; };
		FB90F9D323647FF200BDF960 /* PalettesTests.xctest */ = {isa = PBXFileReference; explicitFileType = wrapper.cfbundle; includeInIndex = 0; path = PalettesTests.xctest; sourceTree = BUILT_PRODUCTS_DIR; };
		FB90F9D723647FF200BDF960 /* PalettesTests.swift */ = {isa = PBXFileReference; lastKnownFileType = sourcecode.swift; path = PalettesTests.swift; sourceTree = "<group>"; };
		FB90F9D923647FF200BDF960 /* Info.plist */ = {isa = PBXFileReference; lastKnownFileType = text.plist.xml; path = Info.plist; sourceTree = "<group>"; };
		FB90F9E3236480D500BDF960 /* AutoRegistering.swift */ = {isa = PBXFileReference; fileEncoding = 4; lastKnownFileType = sourcecode.swift; path = AutoRegistering.swift; sourceTree = "<group>"; };
		FB90F9E4236480D500BDF960 /* StoryboardInstantiable.swift */ = {isa = PBXFileReference; fileEncoding = 4; lastKnownFileType = sourcecode.swift; path = StoryboardInstantiable.swift; sourceTree = "<group>"; };
		FB90F9ED236482AC00BDF960 /* ListViewController.swift */ = {isa = PBXFileReference; lastKnownFileType = sourcecode.swift; path = ListViewController.swift; sourceTree = "<group>"; };
		FB90F9EF236482C000BDF960 /* ListViewController.storyboard */ = {isa = PBXFileReference; lastKnownFileType = file.storyboard; path = ListViewController.storyboard; sourceTree = "<group>"; };
		FB90F9F223648A2500BDF960 /* ListCell.xib */ = {isa = PBXFileReference; fileEncoding = 4; lastKnownFileType = file.xib; path = ListCell.xib; sourceTree = "<group>"; };
		FB90F9F623648A9500BDF960 /* ListCell.swift */ = {isa = PBXFileReference; lastKnownFileType = sourcecode.swift; path = ListCell.swift; sourceTree = "<group>"; };
		FB90F9F823648ABA00BDF960 /* Palette.swift */ = {isa = PBXFileReference; lastKnownFileType = sourcecode.swift; path = Palette.swift; sourceTree = "<group>"; };
		FB90F9FA23648AD900BDF960 /* UIColor+Hex.swift */ = {isa = PBXFileReference; lastKnownFileType = sourcecode.swift; path = "UIColor+Hex.swift"; sourceTree = "<group>"; };
		FB90F9FD23648B1F00BDF960 /* BrightnessAnalyzer.swift */ = {isa = PBXFileReference; lastKnownFileType = sourcecode.swift; path = BrightnessAnalyzer.swift; sourceTree = "<group>"; };
		FB90FA0023648CC100BDF960 /* PaletteViewController.swift */ = {isa = PBXFileReference; lastKnownFileType = sourcecode.swift; path = PaletteViewController.swift; sourceTree = "<group>"; };
		FB90FA0223648CD300BDF960 /* PaletteViewController.storyboard */ = {isa = PBXFileReference; lastKnownFileType = file.storyboard; path = PaletteViewController.storyboard; sourceTree = "<group>"; };
		FB90FA0523648D2A00BDF960 /* CreatePaletteViewController.swift */ = {isa = PBXFileReference; lastKnownFileType = sourcecode.swift; path = CreatePaletteViewController.swift; sourceTree = "<group>"; };
		FB90FA0723648D3100BDF960 /* CreatePaletteViewController.storyboard */ = {isa = PBXFileReference; lastKnownFileType = file.storyboard; path = CreatePaletteViewController.storyboard; sourceTree = "<group>"; };
		FB90FA0923648E4300BDF960 /* Animator.swift */ = {isa = PBXFileReference; fileEncoding = 4; lastKnownFileType = sourcecode.swift; path = Animator.swift; sourceTree = "<group>"; };
		FB90FA102364904500BDF960 /* SimpleDatabase.framework */ = {isa = PBXFileReference; explicitFileType = wrapper.framework; includeInIndex = 0; path = SimpleDatabase.framework; sourceTree = BUILT_PRODUCTS_DIR; };
		FB90FA122364904500BDF960 /* SimpleDatabase.h */ = {isa = PBXFileReference; lastKnownFileType = sourcecode.c.h; path = SimpleDatabase.h; sourceTree = "<group>"; };
		FB90FA132364904500BDF960 /* Info.plist */ = {isa = PBXFileReference; lastKnownFileType = text.plist.xml; path = Info.plist; sourceTree = "<group>"; };
		FB90FA182364904500BDF960 /* SimpleDatabaseTests.xctest */ = {isa = PBXFileReference; explicitFileType = wrapper.cfbundle; includeInIndex = 0; path = SimpleDatabaseTests.xctest; sourceTree = BUILT_PRODUCTS_DIR; };
		FB90FA212364904500BDF960 /* Info.plist */ = {isa = PBXFileReference; lastKnownFileType = text.plist.xml; path = Info.plist; sourceTree = "<group>"; };
		FB90FA2E2364905100BDF960 /* Database.swift */ = {isa = PBXFileReference; lastKnownFileType = sourcecode.swift; path = Database.swift; sourceTree = "<group>"; };
		FB90FA302364905900BDF960 /* UserDefaultsDatabase.swift */ = {isa = PBXFileReference; lastKnownFileType = sourcecode.swift; path = UserDefaultsDatabase.swift; sourceTree = "<group>"; };
		FBD5A24A2364D07B005A187E /* DatabaseTestCase.swift */ = {isa = PBXFileReference; lastKnownFileType = sourcecode.swift; path = DatabaseTestCase.swift; sourceTree = "<group>"; };
		FBD5A24C2364D0F0005A187E /* DatabaseReadTests.swift */ = {isa = PBXFileReference; lastKnownFileType = sourcecode.swift; path = DatabaseReadTests.swift; sourceTree = "<group>"; };
		FBD5A24E2364D0F8005A187E /* DatabaseWriteTests.swift */ = {isa = PBXFileReference; lastKnownFileType = sourcecode.swift; path = DatabaseWriteTests.swift; sourceTree = "<group>"; };
		FBD5A2502364D101005A187E /* DatabaseObservationTests.swift */ = {isa = PBXFileReference; lastKnownFileType = sourcecode.swift; path = DatabaseObservationTests.swift; sourceTree = "<group>"; };
/* End PBXFileReference section */

/* Begin PBXFrameworksBuildPhase section */
		FB90F9BA23647FF000BDF960 /* Frameworks */ = {
			isa = PBXFrameworksBuildPhase;
			buildActionMask = 2147483647;
			files = (
				FB90FA252364904500BDF960 /* SimpleDatabase.framework in Frameworks */,
			);
			runOnlyForDeploymentPostprocessing = 0;
		};
		FB90F9D023647FF200BDF960 /* Frameworks */ = {
			isa = PBXFrameworksBuildPhase;
			buildActionMask = 2147483647;
			files = (
			);
			runOnlyForDeploymentPostprocessing = 0;
		};
		FB90FA0D2364904500BDF960 /* Frameworks */ = {
			isa = PBXFrameworksBuildPhase;
			buildActionMask = 2147483647;
			files = (
			);
			runOnlyForDeploymentPostprocessing = 0;
		};
		FB90FA152364904500BDF960 /* Frameworks */ = {
			isa = PBXFrameworksBuildPhase;
			buildActionMask = 2147483647;
			files = (
				FB90FA192364904500BDF960 /* SimpleDatabase.framework in Frameworks */,
			);
			runOnlyForDeploymentPostprocessing = 0;
		};
/* End PBXFrameworksBuildPhase section */

/* Begin PBXGroup section */
		FB90F9B423647FF000BDF960 = {
			isa = PBXGroup;
			children = (
				FB90F9BF23647FF000BDF960 /* Palettes */,
				FB90F9D623647FF200BDF960 /* PalettesTests */,
				FB90FA112364904500BDF960 /* SimpleDatabase */,
				FB90FA1E2364904500BDF960 /* SimpleDatabaseTests */,
				FB90F9BE23647FF000BDF960 /* Products */,
			);
			sourceTree = "<group>";
		};
		FB90F9BE23647FF000BDF960 /* Products */ = {
			isa = PBXGroup;
			children = (
				FB90F9BD23647FF000BDF960 /* Palettes.app */,
				FB90F9D323647FF200BDF960 /* PalettesTests.xctest */,
				FB90FA102364904500BDF960 /* SimpleDatabase.framework */,
				FB90FA182364904500BDF960 /* SimpleDatabaseTests.xctest */,
			);
			name = Products;
			sourceTree = "<group>";
		};
		FB90F9BF23647FF000BDF960 /* Palettes */ = {
			isa = PBXGroup;
			children = (
				FB90F9E92364825A00BDF960 /* Application Main */,
				FB90F9E2236480B700BDF960 /* Core */,
				FB90F9EA2364828100BDF960 /* Info */,
				FB90F9F523648A3100BDF960 /* Models */,
				FB90F9EB2364829500BDF960 /* Screens */,
				FB90F9FC23648B0500BDF960 /* Utilities */,
			);
			path = Palettes;
			sourceTree = "<group>";
		};
		FB90F9D623647FF200BDF960 /* PalettesTests */ = {
			isa = PBXGroup;
			children = (
				FB90F9D723647FF200BDF960 /* PalettesTests.swift */,
				FB90F9D923647FF200BDF960 /* Info.plist */,
			);
			path = PalettesTests;
			sourceTree = "<group>";
		};
		FB90F9E2236480B700BDF960 /* Core */ = {
			isa = PBXGroup;
			children = (
				FB90F9E3236480D500BDF960 /* AutoRegistering.swift */,
				FB90F9E4236480D500BDF960 /* StoryboardInstantiable.swift */,
				FB90F9FA23648AD900BDF960 /* UIColor+Hex.swift */,
			);
			path = Core;
			sourceTree = "<group>";
		};
		FB90F9E92364825A00BDF960 /* Application Main */ = {
			isa = PBXGroup;
			children = (
				FB90F9C023647FF000BDF960 /* AppDelegate.swift */,
			);
			path = "Application Main";
			sourceTree = "<group>";
		};
		FB90F9EA2364828100BDF960 /* Info */ = {
			isa = PBXGroup;
			children = (
				FB90F9CE23647FF200BDF960 /* Info.plist */,
			);
			path = Info;
			sourceTree = "<group>";
		};
		FB90F9EB2364829500BDF960 /* Screens */ = {
			isa = PBXGroup;
			children = (
				FB90FA0423648D1A00BDF960 /* Create Palette */,
				FB90F9EC2364829D00BDF960 /* Palettes List */,
				FB90F9FF23648CB000BDF960 /* Palette Details */,
			);
			path = Screens;
			sourceTree = "<group>";
		};
		FB90F9EC2364829D00BDF960 /* Palettes List */ = {
			isa = PBXGroup;
			children = (
				FB90F9F623648A9500BDF960 /* ListCell.swift */,
				FB90F9F223648A2500BDF960 /* ListCell.xib */,
				FB90F9ED236482AC00BDF960 /* ListViewController.swift */,
				FB90F9EF236482C000BDF960 /* ListViewController.storyboard */,
			);
			path = "Palettes List";
			sourceTree = "<group>";
		};
		FB90F9F523648A3100BDF960 /* Models */ = {
			isa = PBXGroup;
			children = (
				FB90F9F823648ABA00BDF960 /* Palette.swift */,
			);
			path = Models;
			sourceTree = "<group>";
		};
		FB90F9FC23648B0500BDF960 /* Utilities */ = {
			isa = PBXGroup;
			children = (
				FB90FA0923648E4300BDF960 /* Animator.swift */,
				FB90F9FD23648B1F00BDF960 /* BrightnessAnalyzer.swift */,
			);
			path = Utilities;
			sourceTree = "<group>";
		};
		FB90F9FF23648CB000BDF960 /* Palette Details */ = {
			isa = PBXGroup;
			children = (
				FB90FA0023648CC100BDF960 /* PaletteViewController.swift */,
				FB90FA0223648CD300BDF960 /* PaletteViewController.storyboard */,
			);
			path = "Palette Details";
			sourceTree = "<group>";
		};
		FB90FA0423648D1A00BDF960 /* Create Palette */ = {
			isa = PBXGroup;
			children = (
				FB90FA0523648D2A00BDF960 /* CreatePaletteViewController.swift */,
				FB90FA0723648D3100BDF960 /* CreatePaletteViewController.storyboard */,
			);
			path = "Create Palette";
			sourceTree = "<group>";
		};
		FB90FA112364904500BDF960 /* SimpleDatabase */ = {
			isa = PBXGroup;
			children = (
				FB90FA122364904500BDF960 /* SimpleDatabase.h */,
				FB90FA132364904500BDF960 /* Info.plist */,
				FB90FA2E2364905100BDF960 /* Database.swift */,
				FB90FA302364905900BDF960 /* UserDefaultsDatabase.swift */,
			);
			path = SimpleDatabase;
			sourceTree = "<group>";
		};
		FB90FA1E2364904500BDF960 /* SimpleDatabaseTests */ = {
			isa = PBXGroup;
			children = (
				FB90FA212364904500BDF960 /* Info.plist */,
				FBD5A24A2364D07B005A187E /* DatabaseTestCase.swift */,
				FBD5A24C2364D0F0005A187E /* DatabaseReadTests.swift */,
				FBD5A24E2364D0F8005A187E /* DatabaseWriteTests.swift */,
				FBD5A2502364D101005A187E /* DatabaseObservationTests.swift */,
			);
			path = SimpleDatabaseTests;
			sourceTree = "<group>";
		};
/* End PBXGroup section */

/* Begin PBXHeadersBuildPhase section */
		FB90FA0B2364904500BDF960 /* Headers */ = {
			isa = PBXHeadersBuildPhase;
			buildActionMask = 2147483647;
			files = (
				FB90FA222364904500BDF960 /* SimpleDatabase.h in Headers */,
			);
			runOnlyForDeploymentPostprocessing = 0;
		};
/* End PBXHeadersBuildPhase section */

/* Begin PBXNativeTarget section */
		FB90F9BC23647FF000BDF960 /* Palettes */ = {
			isa = PBXNativeTarget;
			buildConfigurationList = FB90F9DC23647FF200BDF960 /* Build configuration list for PBXNativeTarget "Palettes" */;
			buildPhases = (
				FB90F9B923647FF000BDF960 /* Sources */,
				FB90F9BA23647FF000BDF960 /* Frameworks */,
				FB90F9BB23647FF000BDF960 /* Resources */,
				FB90FA2A2364904500BDF960 /* Embed Frameworks */,
			);
			buildRules = (
			);
			dependencies = (
				FB90FA242364904500BDF960 /* PBXTargetDependency */,
			);
			name = Palettes;
			productName = Palettes;
			productReference = FB90F9BD23647FF000BDF960 /* Palettes.app */;
			productType = "com.apple.product-type.application";
		};
		FB90F9D223647FF200BDF960 /* PalettesTests */ = {
			isa = PBXNativeTarget;
			buildConfigurationList = FB90F9DF23647FF200BDF960 /* Build configuration list for PBXNativeTarget "PalettesTests" */;
			buildPhases = (
				FB90F9CF23647FF200BDF960 /* Sources */,
				FB90F9D023647FF200BDF960 /* Frameworks */,
				FB90F9D123647FF200BDF960 /* Resources */,
			);
			buildRules = (
			);
			dependencies = (
				FB90F9D523647FF200BDF960 /* PBXTargetDependency */,
			);
			name = PalettesTests;
			productName = PalettesTests;
			productReference = FB90F9D323647FF200BDF960 /* PalettesTests.xctest */;
			productType = "com.apple.product-type.bundle.unit-test";
		};
		FB90FA0F2364904500BDF960 /* SimpleDatabase */ = {
			isa = PBXNativeTarget;
			buildConfigurationList = FB90FA272364904500BDF960 /* Build configuration list for PBXNativeTarget "SimpleDatabase" */;
			buildPhases = (
				FB90FA0B2364904500BDF960 /* Headers */,
				FB90FA0C2364904500BDF960 /* Sources */,
				FB90FA0D2364904500BDF960 /* Frameworks */,
				FB90FA0E2364904500BDF960 /* Resources */,
			);
			buildRules = (
			);
			dependencies = (
			);
			name = SimpleDatabase;
			productName = SimpleDatabase;
			productReference = FB90FA102364904500BDF960 /* SimpleDatabase.framework */;
			productType = "com.apple.product-type.framework";
		};
		FB90FA172364904500BDF960 /* SimpleDatabaseTests */ = {
			isa = PBXNativeTarget;
			buildConfigurationList = FB90FA2B2364904500BDF960 /* Build configuration list for PBXNativeTarget "SimpleDatabaseTests" */;
			buildPhases = (
				FB90FA142364904500BDF960 /* Sources */,
				FB90FA152364904500BDF960 /* Frameworks */,
				FB90FA162364904500BDF960 /* Resources */,
			);
			buildRules = (
			);
			dependencies = (
				FB90FA1B2364904500BDF960 /* PBXTargetDependency */,
				FB90FA1D2364904500BDF960 /* PBXTargetDependency */,
			);
			name = SimpleDatabaseTests;
			productName = SimpleDatabaseTests;
			productReference = FB90FA182364904500BDF960 /* SimpleDatabaseTests.xctest */;
			productType = "com.apple.product-type.bundle.unit-test";
		};
/* End PBXNativeTarget section */

/* Begin PBXProject section */
		FB90F9B523647FF000BDF960 /* Project object */ = {
			isa = PBXProject;
			attributes = {
				LastSwiftUpdateCheck = 1110;
				LastUpgradeCheck = 1110;
				ORGANIZATIONNAME = "Rob Timpone";
				TargetAttributes = {
					FB90F9BC23647FF000BDF960 = {
						CreatedOnToolsVersion = 11.1;
					};
					FB90F9D223647FF200BDF960 = {
						CreatedOnToolsVersion = 11.1;
						TestTargetID = FB90F9BC23647FF000BDF960;
					};
					FB90FA0F2364904500BDF960 = {
						CreatedOnToolsVersion = 11.1;
						LastSwiftMigration = 1110;
					};
					FB90FA172364904500BDF960 = {
						CreatedOnToolsVersion = 11.1;
						TestTargetID = FB90F9BC23647FF000BDF960;
					};
				};
			};
			buildConfigurationList = FB90F9B823647FF000BDF960 /* Build configuration list for PBXProject "Palettes" */;
			compatibilityVersion = "Xcode 9.3";
			developmentRegion = en;
			hasScannedForEncodings = 0;
			knownRegions = (
				en,
				Base,
			);
			mainGroup = FB90F9B423647FF000BDF960;
			productRefGroup = FB90F9BE23647FF000BDF960 /* Products */;
			projectDirPath = "";
			projectRoot = "";
			targets = (
				FB90F9BC23647FF000BDF960 /* Palettes */,
				FB90F9D223647FF200BDF960 /* PalettesTests */,
				FB90FA0F2364904500BDF960 /* SimpleDatabase */,
				FB90FA172364904500BDF960 /* SimpleDatabaseTests */,
			);
		};
/* End PBXProject section */

/* Begin PBXResourcesBuildPhase section */
		FB90F9BB23647FF000BDF960 /* Resources */ = {
			isa = PBXResourcesBuildPhase;
			buildActionMask = 2147483647;
			files = (
				FB90F9F0236482C000BDF960 /* ListViewController.storyboard in Resources */,
				FB90F9F423648A2500BDF960 /* ListCell.xib in Resources */,
				FB90FA0323648CD300BDF960 /* PaletteViewController.storyboard in Resources */,
				FB90FA0823648D3100BDF960 /* CreatePaletteViewController.storyboard in Resources */,
			);
			runOnlyForDeploymentPostprocessing = 0;
		};
		FB90F9D123647FF200BDF960 /* Resources */ = {
			isa = PBXResourcesBuildPhase;
			buildActionMask = 2147483647;
			files = (
			);
			runOnlyForDeploymentPostprocessing = 0;
		};
		FB90FA0E2364904500BDF960 /* Resources */ = {
			isa = PBXResourcesBuildPhase;
			buildActionMask = 2147483647;
			files = (
			);
			runOnlyForDeploymentPostprocessing = 0;
		};
		FB90FA162364904500BDF960 /* Resources */ = {
			isa = PBXResourcesBuildPhase;
			buildActionMask = 2147483647;
			files = (
			);
			runOnlyForDeploymentPostprocessing = 0;
		};
/* End PBXResourcesBuildPhase section */

/* Begin PBXSourcesBuildPhase section */
		FB90F9B923647FF000BDF960 /* Sources */ = {
			isa = PBXSourcesBuildPhase;
			buildActionMask = 2147483647;
			files = (
				FB90F9E5236480D500BDF960 /* AutoRegistering.swift in Sources */,
				FB90FA0123648CC100BDF960 /* PaletteViewController.swift in Sources */,
				FB90FA0623648D2A00BDF960 /* CreatePaletteViewController.swift in Sources */,
				FB90F9E6236480D500BDF960 /* StoryboardInstantiable.swift in Sources */,
				FB90F9FE23648B1F00BDF960 /* BrightnessAnalyzer.swift in Sources */,
				FB90F9EE236482AC00BDF960 /* ListViewController.swift in Sources */,
				FB90F9F923648ABA00BDF960 /* Palette.swift in Sources */,
				FB90F9FB23648AD900BDF960 /* UIColor+Hex.swift in Sources */,
				FB90F9F723648A9500BDF960 /* ListCell.swift in Sources */,
				FB90FA0A23648E4300BDF960 /* Animator.swift in Sources */,
				FB90F9C123647FF000BDF960 /* AppDelegate.swift in Sources */,
			);
			runOnlyForDeploymentPostprocessing = 0;
		};
		FB90F9CF23647FF200BDF960 /* Sources */ = {
			isa = PBXSourcesBuildPhase;
			buildActionMask = 2147483647;
			files = (
				FB90F9D823647FF200BDF960 /* PalettesTests.swift in Sources */,
			);
			runOnlyForDeploymentPostprocessing = 0;
		};
		FB90FA0C2364904500BDF960 /* Sources */ = {
			isa = PBXSourcesBuildPhase;
			buildActionMask = 2147483647;
			files = (
				FB90FA2F2364905100BDF960 /* Database.swift in Sources */,
				FB90FA312364905900BDF960 /* UserDefaultsDatabase.swift in Sources */,
			);
			runOnlyForDeploymentPostprocessing = 0;
		};
		FB90FA142364904500BDF960 /* Sources */ = {
			isa = PBXSourcesBuildPhase;
			buildActionMask = 2147483647;
			files = (
				FBD5A24B2364D07B005A187E /* DatabaseTestCase.swift in Sources */,
				FBD5A2512364D101005A187E /* DatabaseObservationTests.swift in Sources */,
				FBD5A24D2364D0F0005A187E /* DatabaseReadTests.swift in Sources */,
				FBD5A24F2364D0F8005A187E /* DatabaseWriteTests.swift in Sources */,
			);
			runOnlyForDeploymentPostprocessing = 0;
		};
/* End PBXSourcesBuildPhase section */

/* Begin PBXTargetDependency section */
		FB90F9D523647FF200BDF960 /* PBXTargetDependency */ = {
			isa = PBXTargetDependency;
			target = FB90F9BC23647FF000BDF960 /* Palettes */;
			targetProxy = FB90F9D423647FF200BDF960 /* PBXContainerItemProxy */;
		};
		FB90FA1B2364904500BDF960 /* PBXTargetDependency */ = {
			isa = PBXTargetDependency;
			target = FB90FA0F2364904500BDF960 /* SimpleDatabase */;
			targetProxy = FB90FA1A2364904500BDF960 /* PBXContainerItemProxy */;
		};
		FB90FA1D2364904500BDF960 /* PBXTargetDependency */ = {
			isa = PBXTargetDependency;
			target = FB90F9BC23647FF000BDF960 /* Palettes */;
			targetProxy = FB90FA1C2364904500BDF960 /* PBXContainerItemProxy */;
		};
		FB90FA242364904500BDF960 /* PBXTargetDependency */ = {
			isa = PBXTargetDependency;
			target = FB90FA0F2364904500BDF960 /* SimpleDatabase */;
			targetProxy = FB90FA232364904500BDF960 /* PBXContainerItemProxy */;
		};
/* End PBXTargetDependency section */

/* Begin XCBuildConfiguration section */
		FB90F9DA23647FF200BDF960 /* Debug */ = {
			isa = XCBuildConfiguration;
			buildSettings = {
				ALWAYS_SEARCH_USER_PATHS = NO;
				CLANG_ANALYZER_NONNULL = YES;
				CLANG_ANALYZER_NUMBER_OBJECT_CONVERSION = YES_AGGRESSIVE;
				CLANG_CXX_LANGUAGE_STANDARD = "gnu++14";
				CLANG_CXX_LIBRARY = "libc++";
				CLANG_ENABLE_MODULES = YES;
				CLANG_ENABLE_OBJC_ARC = YES;
				CLANG_ENABLE_OBJC_WEAK = YES;
				CLANG_WARN_BLOCK_CAPTURE_AUTORELEASING = YES;
				CLANG_WARN_BOOL_CONVERSION = YES;
				CLANG_WARN_COMMA = YES;
				CLANG_WARN_CONSTANT_CONVERSION = YES;
				CLANG_WARN_DEPRECATED_OBJC_IMPLEMENTATIONS = YES;
				CLANG_WARN_DIRECT_OBJC_ISA_USAGE = YES_ERROR;
				CLANG_WARN_DOCUMENTATION_COMMENTS = YES;
				CLANG_WARN_EMPTY_BODY = YES;
				CLANG_WARN_ENUM_CONVERSION = YES;
				CLANG_WARN_INFINITE_RECURSION = YES;
				CLANG_WARN_INT_CONVERSION = YES;
				CLANG_WARN_NON_LITERAL_NULL_CONVERSION = YES;
				CLANG_WARN_OBJC_IMPLICIT_RETAIN_SELF = YES;
				CLANG_WARN_OBJC_LITERAL_CONVERSION = YES;
				CLANG_WARN_OBJC_ROOT_CLASS = YES_ERROR;
				CLANG_WARN_RANGE_LOOP_ANALYSIS = YES;
				CLANG_WARN_STRICT_PROTOTYPES = YES;
				CLANG_WARN_SUSPICIOUS_MOVE = YES;
				CLANG_WARN_UNGUARDED_AVAILABILITY = YES_AGGRESSIVE;
				CLANG_WARN_UNREACHABLE_CODE = YES;
				CLANG_WARN__DUPLICATE_METHOD_MATCH = YES;
				COPY_PHASE_STRIP = NO;
				DEBUG_INFORMATION_FORMAT = dwarf;
				ENABLE_STRICT_OBJC_MSGSEND = YES;
				ENABLE_TESTABILITY = YES;
				GCC_C_LANGUAGE_STANDARD = gnu11;
				GCC_DYNAMIC_NO_PIC = NO;
				GCC_NO_COMMON_BLOCKS = YES;
				GCC_OPTIMIZATION_LEVEL = 0;
				GCC_PREPROCESSOR_DEFINITIONS = (
					"DEBUG=1",
					"$(inherited)",
				);
				GCC_WARN_64_TO_32_BIT_CONVERSION = YES;
				GCC_WARN_ABOUT_RETURN_TYPE = YES_ERROR;
				GCC_WARN_UNDECLARED_SELECTOR = YES;
				GCC_WARN_UNINITIALIZED_AUTOS = YES_AGGRESSIVE;
				GCC_WARN_UNUSED_FUNCTION = YES;
				GCC_WARN_UNUSED_VARIABLE = YES;
				IPHONEOS_DEPLOYMENT_TARGET = 13.1;
				MTL_ENABLE_DEBUG_INFO = INCLUDE_SOURCE;
				MTL_FAST_MATH = YES;
				ONLY_ACTIVE_ARCH = YES;
				SDKROOT = iphoneos;
				SWIFT_ACTIVE_COMPILATION_CONDITIONS = DEBUG;
				SWIFT_OPTIMIZATION_LEVEL = "-Onone";
			};
			name = Debug;
		};
		FB90F9DB23647FF200BDF960 /* Release */ = {
			isa = XCBuildConfiguration;
			buildSettings = {
				ALWAYS_SEARCH_USER_PATHS = NO;
				CLANG_ANALYZER_NONNULL = YES;
				CLANG_ANALYZER_NUMBER_OBJECT_CONVERSION = YES_AGGRESSIVE;
				CLANG_CXX_LANGUAGE_STANDARD = "gnu++14";
				CLANG_CXX_LIBRARY = "libc++";
				CLANG_ENABLE_MODULES = YES;
				CLANG_ENABLE_OBJC_ARC = YES;
				CLANG_ENABLE_OBJC_WEAK = YES;
				CLANG_WARN_BLOCK_CAPTURE_AUTORELEASING = YES;
				CLANG_WARN_BOOL_CONVERSION = YES;
				CLANG_WARN_COMMA = YES;
				CLANG_WARN_CONSTANT_CONVERSION = YES;
				CLANG_WARN_DEPRECATED_OBJC_IMPLEMENTATIONS = YES;
				CLANG_WARN_DIRECT_OBJC_ISA_USAGE = YES_ERROR;
				CLANG_WARN_DOCUMENTATION_COMMENTS = YES;
				CLANG_WARN_EMPTY_BODY = YES;
				CLANG_WARN_ENUM_CONVERSION = YES;
				CLANG_WARN_INFINITE_RECURSION = YES;
				CLANG_WARN_INT_CONVERSION = YES;
				CLANG_WARN_NON_LITERAL_NULL_CONVERSION = YES;
				CLANG_WARN_OBJC_IMPLICIT_RETAIN_SELF = YES;
				CLANG_WARN_OBJC_LITERAL_CONVERSION = YES;
				CLANG_WARN_OBJC_ROOT_CLASS = YES_ERROR;
				CLANG_WARN_RANGE_LOOP_ANALYSIS = YES;
				CLANG_WARN_STRICT_PROTOTYPES = YES;
				CLANG_WARN_SUSPICIOUS_MOVE = YES;
				CLANG_WARN_UNGUARDED_AVAILABILITY = YES_AGGRESSIVE;
				CLANG_WARN_UNREACHABLE_CODE = YES;
				CLANG_WARN__DUPLICATE_METHOD_MATCH = YES;
				COPY_PHASE_STRIP = NO;
				DEBUG_INFORMATION_FORMAT = "dwarf-with-dsym";
				ENABLE_NS_ASSERTIONS = NO;
				ENABLE_STRICT_OBJC_MSGSEND = YES;
				GCC_C_LANGUAGE_STANDARD = gnu11;
				GCC_NO_COMMON_BLOCKS = YES;
				GCC_WARN_64_TO_32_BIT_CONVERSION = YES;
				GCC_WARN_ABOUT_RETURN_TYPE = YES_ERROR;
				GCC_WARN_UNDECLARED_SELECTOR = YES;
				GCC_WARN_UNINITIALIZED_AUTOS = YES_AGGRESSIVE;
				GCC_WARN_UNUSED_FUNCTION = YES;
				GCC_WARN_UNUSED_VARIABLE = YES;
				IPHONEOS_DEPLOYMENT_TARGET = 13.1;
				MTL_ENABLE_DEBUG_INFO = NO;
				MTL_FAST_MATH = YES;
				SDKROOT = iphoneos;
				SWIFT_COMPILATION_MODE = wholemodule;
				SWIFT_OPTIMIZATION_LEVEL = "-O";
				VALIDATE_PRODUCT = YES;
			};
			name = Release;
		};
		FB90F9DD23647FF200BDF960 /* Debug */ = {
			isa = XCBuildConfiguration;
			buildSettings = {
				ALWAYS_EMBED_SWIFT_STANDARD_LIBRARIES = YES;
				ASSETCATALOG_COMPILER_APPICON_NAME = AppIcon;
				CODE_SIGN_STYLE = Automatic;
				DEVELOPMENT_TEAM = HTVQW2NNE8;
				ENABLE_PREVIEWS = YES;
				INFOPLIST_FILE = Palettes/Info/Info.plist;
				LD_RUNPATH_SEARCH_PATHS = (
					"$(inherited)",
					"@executable_path/Frameworks",
				);
				PRODUCT_BUNDLE_IDENTIFIER = com.robtimpone.Palettes;
				PRODUCT_NAME = "$(TARGET_NAME)";
				SWIFT_VERSION = 5.0;
				TARGETED_DEVICE_FAMILY = 1;
			};
			name = Debug;
		};
		FB90F9DE23647FF200BDF960 /* Release */ = {
			isa = XCBuildConfiguration;
			buildSettings = {
				ALWAYS_EMBED_SWIFT_STANDARD_LIBRARIES = YES;
				ASSETCATALOG_COMPILER_APPICON_NAME = AppIcon;
				CODE_SIGN_STYLE = Automatic;
				DEVELOPMENT_TEAM = HTVQW2NNE8;
				ENABLE_PREVIEWS = YES;
				INFOPLIST_FILE = Palettes/Info/Info.plist;
				LD_RUNPATH_SEARCH_PATHS = (
					"$(inherited)",
					"@executable_path/Frameworks",
				);
				PRODUCT_BUNDLE_IDENTIFIER = com.robtimpone.Palettes;
				PRODUCT_NAME = "$(TARGET_NAME)";
				SWIFT_VERSION = 5.0;
				TARGETED_DEVICE_FAMILY = 1;
			};
			name = Release;
		};
		FB90F9E023647FF200BDF960 /* Debug */ = {
			isa = XCBuildConfiguration;
			buildSettings = {
				ALWAYS_EMBED_SWIFT_STANDARD_LIBRARIES = YES;
				BUNDLE_LOADER = "$(TEST_HOST)";
				CODE_SIGN_STYLE = Automatic;
				DEVELOPMENT_TEAM = HTVQW2NNE8;
				INFOPLIST_FILE = PalettesTests/Info.plist;
				IPHONEOS_DEPLOYMENT_TARGET = 13.1;
				LD_RUNPATH_SEARCH_PATHS = (
					"$(inherited)",
					"@executable_path/Frameworks",
					"@loader_path/Frameworks",
				);
				PRODUCT_BUNDLE_IDENTIFIER = com.robtimpone.PalettesTests;
				PRODUCT_NAME = "$(TARGET_NAME)";
				SWIFT_VERSION = 5.0;
				TARGETED_DEVICE_FAMILY = "1,2";
				TEST_HOST = "$(BUILT_PRODUCTS_DIR)/Palettes.app/Palettes";
			};
			name = Debug;
		};
		FB90F9E123647FF200BDF960 /* Release */ = {
			isa = XCBuildConfiguration;
			buildSettings = {
				ALWAYS_EMBED_SWIFT_STANDARD_LIBRARIES = YES;
				BUNDLE_LOADER = "$(TEST_HOST)";
				CODE_SIGN_STYLE = Automatic;
				DEVELOPMENT_TEAM = HTVQW2NNE8;
				INFOPLIST_FILE = PalettesTests/Info.plist;
				IPHONEOS_DEPLOYMENT_TARGET = 13.1;
				LD_RUNPATH_SEARCH_PATHS = (
					"$(inherited)",
					"@executable_path/Frameworks",
					"@loader_path/Frameworks",
				);
				PRODUCT_BUNDLE_IDENTIFIER = com.robtimpone.PalettesTests;
				PRODUCT_NAME = "$(TARGET_NAME)";
				SWIFT_VERSION = 5.0;
				TARGETED_DEVICE_FAMILY = "1,2";
				TEST_HOST = "$(BUILT_PRODUCTS_DIR)/Palettes.app/Palettes";
			};
			name = Release;
		};
		FB90FA282364904500BDF960 /* Debug */ = {
			isa = XCBuildConfiguration;
			buildSettings = {
				CLANG_ENABLE_MODULES = YES;
				CODE_SIGN_STYLE = Automatic;
				CURRENT_PROJECT_VERSION = 1;
				DEFINES_MODULE = YES;
				DEVELOPMENT_TEAM = HTVQW2NNE8;
				DYLIB_COMPATIBILITY_VERSION = 1;
				DYLIB_CURRENT_VERSION = 1;
				DYLIB_INSTALL_NAME_BASE = "@rpath";
				INFOPLIST_FILE = SimpleDatabase/Info.plist;
				INSTALL_PATH = "$(LOCAL_LIBRARY_DIR)/Frameworks";
				LD_RUNPATH_SEARCH_PATHS = (
					"$(inherited)",
					"@executable_path/Frameworks",
					"@loader_path/Frameworks",
				);
				PRODUCT_BUNDLE_IDENTIFIER = com.robtimpone.SimpleDatabase;
				PRODUCT_NAME = "$(TARGET_NAME:c99extidentifier)";
				SKIP_INSTALL = YES;
				SWIFT_OPTIMIZATION_LEVEL = "-Onone";
				SWIFT_VERSION = 5.0;
				TARGETED_DEVICE_FAMILY = "1,2";
				VERSIONING_SYSTEM = "apple-generic";
				VERSION_INFO_PREFIX = "";
			};
			name = Debug;
		};
		FB90FA292364904500BDF960 /* Release */ = {
			isa = XCBuildConfiguration;
			buildSettings = {
				CLANG_ENABLE_MODULES = YES;
				CODE_SIGN_STYLE = Automatic;
				CURRENT_PROJECT_VERSION = 1;
				DEFINES_MODULE = YES;
				DEVELOPMENT_TEAM = HTVQW2NNE8;
				DYLIB_COMPATIBILITY_VERSION = 1;
				DYLIB_CURRENT_VERSION = 1;
				DYLIB_INSTALL_NAME_BASE = "@rpath";
				INFOPLIST_FILE = SimpleDatabase/Info.plist;
				INSTALL_PATH = "$(LOCAL_LIBRARY_DIR)/Frameworks";
				LD_RUNPATH_SEARCH_PATHS = (
					"$(inherited)",
					"@executable_path/Frameworks",
					"@loader_path/Frameworks",
				);
				PRODUCT_BUNDLE_IDENTIFIER = com.robtimpone.SimpleDatabase;
				PRODUCT_NAME = "$(TARGET_NAME:c99extidentifier)";
				SKIP_INSTALL = YES;
				SWIFT_VERSION = 5.0;
				TARGETED_DEVICE_FAMILY = "1,2";
				VERSIONING_SYSTEM = "apple-generic";
				VERSION_INFO_PREFIX = "";
			};
			name = Release;
		};
		FB90FA2C2364904500BDF960 /* Debug */ = {
			isa = XCBuildConfiguration;
			buildSettings = {
				ALWAYS_EMBED_SWIFT_STANDARD_LIBRARIES = YES;
				CODE_SIGN_STYLE = Automatic;
				DEVELOPMENT_TEAM = HTVQW2NNE8;
				INFOPLIST_FILE = SimpleDatabaseTests/Info.plist;
				LD_RUNPATH_SEARCH_PATHS = (
					"$(inherited)",
					"@executable_path/Frameworks",
					"@loader_path/Frameworks",
				);
				PRODUCT_BUNDLE_IDENTIFIER = com.robtimpone.SimpleDatabaseTests;
				PRODUCT_NAME = "$(TARGET_NAME)";
				SWIFT_VERSION = 5.0;
				TARGETED_DEVICE_FAMILY = "1,2";
				TEST_HOST = "$(BUILT_PRODUCTS_DIR)/Palettes.app/Palettes";
			};
			name = Debug;
		};
		FB90FA2D2364904500BDF960 /* Release */ = {
			isa = XCBuildConfiguration;
			buildSettings = {
				ALWAYS_EMBED_SWIFT_STANDARD_LIBRARIES = YES;
				CODE_SIGN_STYLE = Automatic;
				DEVELOPMENT_TEAM = HTVQW2NNE8;
				INFOPLIST_FILE = SimpleDatabaseTests/Info.plist;
				LD_RUNPATH_SEARCH_PATHS = (
					"$(inherited)",
					"@executable_path/Frameworks",
					"@loader_path/Frameworks",
				);
				PRODUCT_BUNDLE_IDENTIFIER = com.robtimpone.SimpleDatabaseTests;
				PRODUCT_NAME = "$(TARGET_NAME)";
				SWIFT_VERSION = 5.0;
				TARGETED_DEVICE_FAMILY = "1,2";
				TEST_HOST = "$(BUILT_PRODUCTS_DIR)/Palettes.app/Palettes";
			};
			name = Release;
		};
/* End XCBuildConfiguration section */

/* Begin XCConfigurationList section */
		FB90F9B823647FF000BDF960 /* Build configuration list for PBXProject "Palettes" */ = {
			isa = XCConfigurationList;
			buildConfigurations = (
				FB90F9DA23647FF200BDF960 /* Debug */,
				FB90F9DB23647FF200BDF960 /* Release */,
			);
			defaultConfigurationIsVisible = 0;
			defaultConfigurationName = Release;
		};
		FB90F9DC23647FF200BDF960 /* Build configuration list for PBXNativeTarget "Palettes" */ = {
			isa = XCConfigurationList;
			buildConfigurations = (
				FB90F9DD23647FF200BDF960 /* Debug */,
				FB90F9DE23647FF200BDF960 /* Release */,
			);
			defaultConfigurationIsVisible = 0;
			defaultConfigurationName = Release;
		};
		FB90F9DF23647FF200BDF960 /* Build configuration list for PBXNativeTarget "PalettesTests" */ = {
			isa = XCConfigurationList;
			buildConfigurations = (
				FB90F9E023647FF200BDF960 /* Debug */,
				FB90F9E123647FF200BDF960 /* Release */,
			);
			defaultConfigurationIsVisible = 0;
			defaultConfigurationName = Release;
		};
		FB90FA272364904500BDF960 /* Build configuration list for PBXNativeTarget "SimpleDatabase" */ = {
			isa = XCConfigurationList;
			buildConfigurations = (
				FB90FA282364904500BDF960 /* Debug */,
				FB90FA292364904500BDF960 /* Release */,
			);
			defaultConfigurationIsVisible = 0;
			defaultConfigurationName = Release;
		};
		FB90FA2B2364904500BDF960 /* Build configuration list for PBXNativeTarget "SimpleDatabaseTests" */ = {
			isa = XCConfigurationList;
			buildConfigurations = (
				FB90FA2C2364904500BDF960 /* Debug */,
				FB90FA2D2364904500BDF960 /* Release */,
			);
			defaultConfigurationIsVisible = 0;
			defaultConfigurationName = Release;
		};
/* End XCConfigurationList section */
	};
	rootObject = FB90F9B523647FF000BDF960 /* Project object */;
}
